
Microsoft Visual Studio Solution File, Format Version 12.00
# Visual Studio Version 16
VisualStudioVersion = 16.0.29613.14
MinimumVisualStudioVersion = 10.0.40219.1
Project("{FAE04EC0-301F-11D3-BF4B-00C04F79EFBC}") = "SoftUniDemo", "SoftUniDemo\SoftUniDemo.csproj", "{D43BC85B-E72E-424E-A82C-54541CAE926A}"
EndProject
Project("{FAE04EC0-301F-11D3-BF4B-00C04F79EFBC}") = "SoftUniDemoTests", "SoftUniDemoTests\SoftUniDemoTests.csproj", "{B78FA5C6-0186-4683-B652-32BE1F0AFF6F}"
EndProject
Global
	GlobalSection(SolutionConfigurationPlatforms) = preSolution
		Debug|Any CPU = Debug|Any CPU
		Release|Any CPU = Release|Any CPU
	EndGlobalSection
	GlobalSection(ProjectConfigurationPlatforms) = postSolution
		{D43BC85B-E72E-424E-A82C-54541CAE926A}.Debug|Any CPU.ActiveCfg = Debug|Any CPU
		{D43BC85B-E72E-424E-A82C-54541CAE926A}.Debug|Any CPU.Build.0 = Debug|Any CPU
		{D43BC85B-E72E-424E-A82C-54541CAE926A}.Release|Any CPU.ActiveCfg = Release|Any CPU
		{D43BC85B-E72E-424E-A82C-54541CAE926A}.Release|Any CPU.Build.0 = Release|Any CPU
		{B78FA5C6-0186-4683-B652-32BE1F0AFF6F}.Debug|Any CPU.ActiveCfg = Debug|Any CPU
		{B78FA5C6-0186-4683-B652-32BE1F0AFF6F}.Debug|Any CPU.Build.0 = Debug|Any CPU
		{B78FA5C6-0186-4683-B652-32BE1F0AFF6F}.Release|Any CPU.ActiveCfg = Release|Any CPU
		{B78FA5C6-0186-4683-B652-32BE1F0AFF6F}.Release|Any CPU.Build.0 = Release|Any CPU
	EndGlobalSection
	GlobalSection(SolutionProperties) = preSolution
		HideSolutionNode = FALSE
	EndGlobalSection
	GlobalSection(ExtensibilityGlobals) = postSolution
		SolutionGuid = {EC6FF71A-5FEF-4B04-A7FA-8E8E6877998A}
	EndGlobalSection
EndGlobal
